
Microsoft Visual Studio Solution File, Format Version 12.00
# Visual Studio 15
Project("{FAE04EC0-301F-11D3-BF4B-00C04F79EFBC}") = "com.theartofdev.edmodo.cropper", "com.theartofdev.edmodo.cropper\com.theartofdev.edmodo.cropper.csproj", "{C9B30BB1-A6D8-4010-8FE3-107D3BFE3D4D}"
EndProject
Global
	GlobalSection(SolutionConfigurationPlatforms) = preSolution
		Debug|Any CPU = Debug|Any CPU
		Release|Any CPU = Release|Any CPU
	EndGlobalSection
	GlobalSection(ProjectConfigurationPlatforms) = postSolution
		{C9B30BB1-A6D8-4010-8FE3-107D3BFE3D4D}.Debug|Any CPU.ActiveCfg = Debug|Any CPU
		{C9B30BB1-A6D8-4010-8FE3-107D3BFE3D4D}.Debug|Any CPU.Build.0 = Debug|Any CPU
		{C9B30BB1-A6D8-4010-8FE3-107D3BFE3D4D}.Release|Any CPU.ActiveCfg = Release|Any CPU
		{C9B30BB1-A6D8-4010-8FE3-107D3BFE3D4D}.Release|Any CPU.Build.0 = Release|Any CPU
	EndGlobalSection
EndGlobal
